
Microsoft Visual Studio Solution File, Format Version 12.00
# Visual Studio 15
VisualStudioVersion = 15.0.27703.2042
MinimumVisualStudioVersion = 10.0.40219.1
Project("{8BC9CEB8-8B4A-11D0-8D11-00A0C91BC942}") = "AoC_02", "AoC_02\AoC_02.vcxproj", "{E647A7A1-697D-4587-BDAC-53EF5F825F5E}"
EndProject
Project("{8BC9CEB8-8B4A-11D0-8D11-00A0C91BC942}") = "AoC_03", "AoC_03\AoC_03.vcxproj", "{F2CBAC3E-5E00-41BF-85BE-CF3D8931FBF0}"
EndProject
Project("{8BC9CEB8-8B4A-11D0-8D11-00A0C91BC942}") = "AoC_01", "..\..\01\AoC_01\AoC_01\AoC_01.vcxproj", "{25459CAB-55C1-4C8E-A28C-A5AAD967AE04}"
EndProject
Global
	GlobalSection(SolutionConfigurationPlatforms) = preSolution
		Debug|x64 = Debug|x64
		Debug|x86 = Debug|x86
		Release|x64 = Release|x64
		Release|x86 = Release|x86
	EndGlobalSection
	GlobalSection(ProjectConfigurationPlatforms) = postSolution
		{E647A7A1-697D-4587-BDAC-53EF5F825F5E}.Debug|x64.ActiveCfg = Debug|x64
		{E647A7A1-697D-4587-BDAC-53EF5F825F5E}.Debug|x64.Build.0 = Debug|x64
		{E647A7A1-697D-4587-BDAC-53EF5F825F5E}.Debug|x86.ActiveCfg = Debug|Win32
		{E647A7A1-697D-4587-BDAC-53EF5F825F5E}.Debug|x86.Build.0 = Debug|Win32
		{E647A7A1-697D-4587-BDAC-53EF5F825F5E}.Release|x64.ActiveCfg = Release|x64
		{E647A7A1-697D-4587-BDAC-53EF5F825F5E}.Release|x64.Build.0 = Release|x64
		{E647A7A1-697D-4587-BDAC-53EF5F825F5E}.Release|x86.ActiveCfg = Release|Win32
		{E647A7A1-697D-4587-BDAC-53EF5F825F5E}.Release|x86.Build.0 = Release|Win32
		{F2CBAC3E-5E00-41BF-85BE-CF3D8931FBF0}.Debug|x64.ActiveCfg = Debug|x64
		{F2CBAC3E-5E00-41BF-85BE-CF3D8931FBF0}.Debug|x64.Build.0 = Debug|x64
		{F2CBAC3E-5E00-41BF-85BE-CF3D8931FBF0}.Debug|x86.ActiveCfg = Debug|Win32
		{F2CBAC3E-5E00-41BF-85BE-CF3D8931FBF0}.Debug|x86.Build.0 = Debug|Win32
		{F2CBAC3E-5E00-41BF-85BE-CF3D8931FBF0}.Release|x64.ActiveCfg = Release|x64
		{F2CBAC3E-5E00-41BF-85BE-CF3D8931FBF0}.Release|x64.Build.0 = Release|x64
		{F2CBAC3E-5E00-41BF-85BE-CF3D8931FBF0}.Release|x86.ActiveCfg = Release|Win32
		{F2CBAC3E-5E00-41BF-85BE-CF3D8931FBF0}.Release|x86.Build.0 = Release|Win32
		{25459CAB-55C1-4C8E-A28C-A5AAD967AE04}.Debug|x64.ActiveCfg = Debug|x64
		{25459CAB-55C1-4C8E-A28C-A5AAD967AE04}.Debug|x64.Build.0 = Debug|x64
		{25459CAB-55C1-4C8E-A28C-A5AAD967AE04}.Debug|x86.ActiveCfg = Debug|Win32
		{25459CAB-55C1-4C8E-A28C-A5AAD967AE04}.Debug|x86.Build.0 = Debug|Win32
		{25459CAB-55C1-4C8E-A28C-A5AAD967AE04}.Release|x64.ActiveCfg = Release|x64
		{25459CAB-55C1-4C8E-A28C-A5AAD967AE04}.Release|x64.Build.0 = Release|x64
		{25459CAB-55C1-4C8E-A28C-A5AAD967AE04}.Release|x86.ActiveCfg = Release|Win32
		{25459CAB-55C1-4C8E-A28C-A5AAD967AE04}.Release|x86.Build.0 = Release|Win32
	EndGlobalSection
	GlobalSection(SolutionProperties) = preSolution
		HideSolutionNode = FALSE
	EndGlobalSection
	GlobalSection(ExtensibilityGlobals) = postSolution
		SolutionGuid = {8C556063-0C95-4B98-B0D6-9798A30D62FD}
	EndGlobalSection
EndGlobal
